{
  "originHash" : "f87d7e968dff6fb93439658fe3cd0f9ab0ec919d79e3358365c192172384f6c2",
  "pins" : [
    {
      "identity" : "dimensionpad",
      "kind" : "remoteSourceControl",
      "location" : "https://github.com/below/DimensionPad",
      "state" : {
        "revision" : "292dc622a3192cbb288e069e95267a2872aaa29d",
        "version" : "0.7.0"
      }
    }
  ],
  "version" : 3
}
