{
  "originHash" : "f87d7e968dff6fb93439658fe3cd0f9ab0ec919d79e3358365c192172384f6c2",
  "pins" : [
    {
      "identity" : "dimensionpad",
      "kind" : "remoteSourceControl",
      "location" : "https://github.com/below/DimensionPad",
      "state" : {
        "revision" : "5b1bdab8b647dc43ac99181ad94e34edf79b31d2",
        "version" : "0.5.0"
      }
    }
  ],
  "version" : 3
}
