{
  "originHash" : "f87d7e968dff6fb93439658fe3cd0f9ab0ec919d79e3358365c192172384f6c2",
  "pins" : [
    {
      "identity" : "dimensionpad",
      "kind" : "remoteSourceControl",
      "location" : "https://github.com/below/DimensionPad",
      "state" : {
        "branch" : "main",
        "revision" : "a0d1cf34bb4c563b378f72221755a86e233f2fd6"
      }
    }
  ],
  "version" : 3
}
